
Microsoft Visual Studio Solution File, Format Version 12.00
# Visual Studio 15
VisualStudioVersion = 15.0.28307.902
MinimumVisualStudioVersion = 10.0.40219.1
Project("{FAE04EC0-301F-11D3-BF4B-00C04F79EFBC}") = "PL", "PL\PL.csproj", "{805DB8DB-1EEF-45F1-9FEC-160656FA9380}"
EndProject
Global
	GlobalSection(SolutionConfigurationPlatforms) = preSolution
		Debug|Any CPU = Debug|Any CPU
		Release|Any CPU = Release|Any CPU
	EndGlobalSection
	GlobalSection(ProjectConfigurationPlatforms) = postSolution
		{805DB8DB-1EEF-45F1-9FEC-160656FA9380}.Debug|Any CPU.ActiveCfg = Debug|Any CPU
		{805DB8DB-1EEF-45F1-9FEC-160656FA9380}.Debug|Any CPU.Build.0 = Debug|Any CPU
		{805DB8DB-1EEF-45F1-9FEC-160656FA9380}.Release|Any CPU.ActiveCfg = Release|Any CPU
		{805DB8DB-1EEF-45F1-9FEC-160656FA9380}.Release|Any CPU.Build.0 = Release|Any CPU
	EndGlobalSection
	GlobalSection(SolutionProperties) = preSolution
		HideSolutionNode = FALSE
	EndGlobalSection
	GlobalSection(ExtensibilityGlobals) = postSolution
		SolutionGuid = {EF329B0B-DF93-4F3F-91F1-52BF8FF91D23}
	EndGlobalSection
EndGlobal
